
Microsoft Visual Studio Solution File, Format Version 12.00
# Visual Studio Version 16
VisualStudioVersion = 16.0.30105.148
MinimumVisualStudioVersion = 10.0.40219.1
Project("{FAE04EC0-301F-11D3-BF4B-00C04F79EFBC}") = "StylesAndResources.UWP", "StylesAndResources\StylesAndResources.UWP\StylesAndResources.UWP.csproj", "{A5105828-1E54-46A6-8EDE-47F9C4AEFFF8}"
EndProject
Project("{FAE04EC0-301F-11D3-BF4B-00C04F79EFBC}") = "StylesAndResources.Android", "StylesAndResources\StylesAndResources.Android\StylesAndResources.Android.csproj", "{D102B9A4-4394-4166-B152-8436275E0322}"
EndProject
Project("{FAE04EC0-301F-11D3-BF4B-00C04F79EFBC}") = "StylesAndResources.iOS", "StylesAndResources\StylesAndResources.iOS\StylesAndResources.iOS.csproj", "{814ADD43-F70F-4838-9288-D673910421E1}"
EndProject
Project("{FAE04EC0-301F-11D3-BF4B-00C04F79EFBC}") = "StylesAndResources", "StylesAndResources\StylesAndResources\StylesAndResources.csproj", "{592050B7-1218-47A5-B671-438CB235A739}"
EndProject
Global
	GlobalSection(SolutionConfigurationPlatforms) = preSolution
		Debug|Any CPU = Debug|Any CPU
		Debug|ARM = Debug|ARM
		Debug|iPhone = Debug|iPhone
		Debug|iPhoneSimulator = Debug|iPhoneSimulator
		Debug|x64 = Debug|x64
		Debug|x86 = Debug|x86
		Release|Any CPU = Release|Any CPU
		Release|ARM = Release|ARM
		Release|iPhone = Release|iPhone
		Release|iPhoneSimulator = Release|iPhoneSimulator
		Release|x64 = Release|x64
		Release|x86 = Release|x86
	EndGlobalSection
	GlobalSection(ProjectConfigurationPlatforms) = postSolution
		{A5105828-1E54-46A6-8EDE-47F9C4AEFFF8}.Debug|Any CPU.ActiveCfg = Debug|x86
		{A5105828-1E54-46A6-8EDE-47F9C4AEFFF8}.Debug|Any CPU.Build.0 = Debug|x86
		{A5105828-1E54-46A6-8EDE-47F9C4AEFFF8}.Debug|Any CPU.Deploy.0 = Debug|x86
		{A5105828-1E54-46A6-8EDE-47F9C4AEFFF8}.Debug|ARM.ActiveCfg = Debug|ARM
		{A5105828-1E54-46A6-8EDE-47F9C4AEFFF8}.Debug|ARM.Build.0 = Debug|ARM
		{A5105828-1E54-46A6-8EDE-47F9C4AEFFF8}.Debug|ARM.Deploy.0 = Debug|ARM
		{A5105828-1E54-46A6-8EDE-47F9C4AEFFF8}.Debug|iPhone.ActiveCfg = Debug|x86
		{A5105828-1E54-46A6-8EDE-47F9C4AEFFF8}.Debug|iPhone.Build.0 = Debug|x86
		{A5105828-1E54-46A6-8EDE-47F9C4AEFFF8}.Debug|iPhone.Deploy.0 = Debug|x86
		{A5105828-1E54-46A6-8EDE-47F9C4AEFFF8}.Debug|iPhoneSimulator.ActiveCfg = Debug|x86
		{A5105828-1E54-46A6-8EDE-47F9C4AEFFF8}.Debug|iPhoneSimulator.Build.0 = Debug|x86
		{A5105828-1E54-46A6-8EDE-47F9C4AEFFF8}.Debug|iPhoneSimulator.Deploy.0 = Debug|x86
		{A5105828-1E54-46A6-8EDE-47F9C4AEFFF8}.Debug|x64.ActiveCfg = Debug|x64
		{A5105828-1E54-46A6-8EDE-47F9C4AEFFF8}.Debug|x64.Build.0 = Debug|x64
		{A5105828-1E54-46A6-8EDE-47F9C4AEFFF8}.Debug|x64.Deploy.0 = Debug|x64
		{A5105828-1E54-46A6-8EDE-47F9C4AEFFF8}.Debug|x86.ActiveCfg = Debug|x86
		{A5105828-1E54-46A6-8EDE-47F9C4AEFFF8}.Debug|x86.Build.0 = Debug|x86
		{A5105828-1E54-46A6-8EDE-47F9C4AEFFF8}.Debug|x86.Deploy.0 = Debug|x86
		{A5105828-1E54-46A6-8EDE-47F9C4AEFFF8}.Release|Any CPU.ActiveCfg = Release|x86
		{A5105828-1E54-46A6-8EDE-47F9C4AEFFF8}.Release|Any CPU.Build.0 = Release|x86
		{A5105828-1E54-46A6-8EDE-47F9C4AEFFF8}.Release|Any CPU.Deploy.0 = Release|x86
		{A5105828-1E54-46A6-8EDE-47F9C4AEFFF8}.Release|ARM.ActiveCfg = Release|ARM
		{A5105828-1E54-46A6-8EDE-47F9C4AEFFF8}.Release|ARM.Build.0 = Release|ARM
		{A5105828-1E54-46A6-8EDE-47F9C4AEFFF8}.Release|ARM.Deploy.0 = Release|ARM
		{A5105828-1E54-46A6-8EDE-47F9C4AEFFF8}.Release|iPhone.ActiveCfg = Release|x86
		{A5105828-1E54-46A6-8EDE-47F9C4AEFFF8}.Release|iPhone.Build.0 = Release|x86
		{A5105828-1E54-46A6-8EDE-47F9C4AEFFF8}.Release|iPhone.Deploy.0 = Release|x86
		{A5105828-1E54-46A6-8EDE-47F9C4AEFFF8}.Release|iPhoneSimulator.ActiveCfg = Release|x86
		{A5105828-1E54-46A6-8EDE-47F9C4AEFFF8}.Release|iPhoneSimulator.Build.0 = Release|x86
		{A5105828-1E54-46A6-8EDE-47F9C4AEFFF8}.Release|iPhoneSimulator.Deploy.0 = Release|x86
		{A5105828-1E54-46A6-8EDE-47F9C4AEFFF8}.Release|x64.ActiveCfg = Release|x64
		{A5105828-1E54-46A6-8EDE-47F9C4AEFFF8}.Release|x64.Build.0 = Release|x64
		{A5105828-1E54-46A6-8EDE-47F9C4AEFFF8}.Release|x64.Deploy.0 = Release|x64
		{A5105828-1E54-46A6-8EDE-47F9C4AEFFF8}.Release|x86.ActiveCfg = Release|x86
		{A5105828-1E54-46A6-8EDE-47F9C4AEFFF8}.Release|x86.Build.0 = Release|x86
		{A5105828-1E54-46A6-8EDE-47F9C4AEFFF8}.Release|x86.Deploy.0 = Release|x86
		{D102B9A4-4394-4166-B152-8436275E0322}.Debug|Any CPU.ActiveCfg = Debug|Any CPU
		{D102B9A4-4394-4166-B152-8436275E0322}.Debug|Any CPU.Build.0 = Debug|Any CPU
		{D102B9A4-4394-4166-B152-8436275E0322}.Debug|Any CPU.Deploy.0 = Debug|Any CPU
		{D102B9A4-4394-4166-B152-8436275E0322}.Debug|ARM.ActiveCfg = Debug|Any CPU
		{D102B9A4-4394-4166-B152-8436275E0322}.Debug|ARM.Build.0 = Debug|Any CPU
		{D102B9A4-4394-4166-B152-8436275E0322}.Debug|ARM.Deploy.0 = Debug|Any CPU
		{D102B9A4-4394-4166-B152-8436275E0322}.Debug|iPhone.ActiveCfg = Debug|Any CPU
		{D102B9A4-4394-4166-B152-8436275E0322}.Debug|iPhone.Build.0 = Debug|Any CPU
		{D102B9A4-4394-4166-B152-8436275E0322}.Debug|iPhone.Deploy.0 = Debug|Any CPU
		{D102B9A4-4394-4166-B152-8436275E0322}.Debug|iPhoneSimulator.ActiveCfg = Debug|Any CPU
		{D102B9A4-4394-4166-B152-8436275E0322}.Debug|iPhoneSimulator.Build.0 = Debug|Any CPU
		{D102B9A4-4394-4166-B152-8436275E0322}.Debug|iPhoneSimulator.Deploy.0 = Debug|Any CPU
		{D102B9A4-4394-4166-B152-8436275E0322}.Debug|x64.ActiveCfg = Debug|Any CPU
		{D102B9A4-4394-4166-B152-8436275E0322}.Debug|x64.Build.0 = Debug|Any CPU
		{D102B9A4-4394-4166-B152-8436275E0322}.Debug|x64.Deploy.0 = Debug|Any CPU
		{D102B9A4-4394-4166-B152-8436275E0322}.Debug|x86.ActiveCfg = Debug|Any CPU
		{D102B9A4-4394-4166-B152-8436275E0322}.Debug|x86.Build.0 = Debug|Any CPU
		{D102B9A4-4394-4166-B152-8436275E0322}.Debug|x86.Deploy.0 = Debug|Any CPU
		{D102B9A4-4394-4166-B152-8436275E0322}.Release|Any CPU.ActiveCfg = Release|Any CPU
		{D102B9A4-4394-4166-B152-8436275E0322}.Release|Any CPU.Build.0 = Release|Any CPU
		{D102B9A4-4394-4166-B152-8436275E0322}.Release|Any CPU.Deploy.0 = Release|Any CPU
		{D102B9A4-4394-4166-B152-8436275E0322}.Release|ARM.ActiveCfg = Release|Any CPU
		{D102B9A4-4394-4166-B152-8436275E0322}.Release|ARM.Build.0 = Release|Any CPU
		{D102B9A4-4394-4166-B152-8436275E0322}.Release|ARM.Deploy.0 = Release|Any CPU
		{D102B9A4-4394-4166-B152-8436275E0322}.Release|iPhone.ActiveCfg = Release|Any CPU
		{D102B9A4-4394-4166-B152-8436275E0322}.Release|iPhone.Build.0 = Release|Any CPU
		{D102B9A4-4394-4166-B152-8436275E0322}.Release|iPhone.Deploy.0 = Release|Any CPU
		{D102B9A4-4394-4166-B152-8436275E0322}.Release|iPhoneSimulator.ActiveCfg = Release|Any CPU
		{D102B9A4-4394-4166-B152-8436275E0322}.Release|iPhoneSimulator.Build.0 = Release|Any CPU
		{D102B9A4-4394-4166-B152-8436275E0322}.Release|iPhoneSimulator.Deploy.0 = Release|Any CPU
		{D102B9A4-4394-4166-B152-8436275E0322}.Release|x64.ActiveCfg = Release|Any CPU
		{D102B9A4-4394-4166-B152-8436275E0322}.Release|x64.Build.0 = Release|Any CPU
		{D102B9A4-4394-4166-B152-8436275E0322}.Release|x64.Deploy.0 = Release|Any CPU
		{D102B9A4-4394-4166-B152-8436275E0322}.Release|x86.ActiveCfg = Release|Any CPU
		{D102B9A4-4394-4166-B152-8436275E0322}.Release|x86.Build.0 = Release|Any CPU
		{D102B9A4-4394-4166-B152-8436275E0322}.Release|x86.Deploy.0 = Release|Any CPU
		{814ADD43-F70F-4838-9288-D673910421E1}.Debug|Any CPU.ActiveCfg = Debug|iPhone
		{814ADD43-F70F-4838-9288-D673910421E1}.Debug|Any CPU.Build.0 = Debug|iPhone
		{814ADD43-F70F-4838-9288-D673910421E1}.Debug|Any CPU.Deploy.0 = Debug|iPhone
		{814ADD43-F70F-4838-9288-D673910421E1}.Debug|ARM.ActiveCfg = Debug|iPhone
		{814ADD43-F70F-4838-9288-D673910421E1}.Debug|ARM.Build.0 = Debug|iPhone
		{814ADD43-F70F-4838-9288-D673910421E1}.Debug|ARM.Deploy.0 = Debug|iPhone
		{814ADD43-F70F-4838-9288-D673910421E1}.Debug|iPhone.ActiveCfg = Debug|iPhone
		{814ADD43-F70F-4838-9288-D673910421E1}.Debug|iPhone.Build.0 = Debug|iPhone
		{814ADD43-F70F-4838-9288-D673910421E1}.Debug|iPhone.Deploy.0 = Debug|iPhone
		{814ADD43-F70F-4838-9288-D673910421E1}.Debug|iPhoneSimulator.ActiveCfg = Debug|iPhoneSimulator
		{814ADD43-F70F-4838-9288-D673910421E1}.Debug|iPhoneSimulator.Build.0 = Debug|iPhoneSimulator
		{814ADD43-F70F-4838-9288-D673910421E1}.Debug|iPhoneSimulator.Deploy.0 = Debug|iPhoneSimulator
		{814ADD43-F70F-4838-9288-D673910421E1}.Debug|x64.ActiveCfg = Debug|iPhone
		{814ADD43-F70F-4838-9288-D673910421E1}.Debug|x64.Build.0 = Debug|iPhone
		{814ADD43-F70F-4838-9288-D673910421E1}.Debug|x64.Deploy.0 = Debug|iPhone
		{814ADD43-F70F-4838-9288-D673910421E1}.Debug|x86.ActiveCfg = Debug|iPhone
		{814ADD43-F70F-4838-9288-D673910421E1}.Debug|x86.Build.0 = Debug|iPhone
		{814ADD43-F70F-4838-9288-D673910421E1}.Debug|x86.Deploy.0 = Debug|iPhone
		{814ADD43-F70F-4838-9288-D673910421E1}.Release|Any CPU.ActiveCfg = Release|iPhone
		{814ADD43-F70F-4838-9288-D673910421E1}.Release|Any CPU.Build.0 = Release|iPhone
		{814ADD43-F70F-4838-9288-D673910421E1}.Release|Any CPU.Deploy.0 = Release|iPhone
		{814ADD43-F70F-4838-9288-D673910421E1}.Release|ARM.ActiveCfg = Release|iPhone
		{814ADD43-F70F-4838-9288-D673910421E1}.Release|ARM.Build.0 = Release|iPhone
		{814ADD43-F70F-4838-9288-D673910421E1}.Release|ARM.Deploy.0 = Release|iPhone
		{814ADD43-F70F-4838-9288-D673910421E1}.Release|iPhone.ActiveCfg = Release|iPhone
		{814ADD43-F70F-4838-9288-D673910421E1}.Release|iPhone.Build.0 = Release|iPhone
		{814ADD43-F70F-4838-9288-D673910421E1}.Release|iPhone.Deploy.0 = Release|iPhone
		{814ADD43-F70F-4838-9288-D673910421E1}.Release|iPhoneSimulator.ActiveCfg = Release|iPhoneSimulator
		{814ADD43-F70F-4838-9288-D673910421E1}.Release|iPhoneSimulator.Build.0 = Release|iPhoneSimulator
		{814ADD43-F70F-4838-9288-D673910421E1}.Release|iPhoneSimulator.Deploy.0 = Release|iPhoneSimulator
		{814ADD43-F70F-4838-9288-D673910421E1}.Release|x64.ActiveCfg = Release|iPhone
		{814ADD43-F70F-4838-9288-D673910421E1}.Release|x64.Build.0 = Release|iPhone
		{814ADD43-F70F-4838-9288-D673910421E1}.Release|x64.Deploy.0 = Release|iPhone
		{814ADD43-F70F-4838-9288-D673910421E1}.Release|x86.ActiveCfg = Release|iPhone
		{814ADD43-F70F-4838-9288-D673910421E1}.Release|x86.Build.0 = Release|iPhone
		{814ADD43-F70F-4838-9288-D673910421E1}.Release|x86.Deploy.0 = Release|iPhone
		{592050B7-1218-47A5-B671-438CB235A739}.Debug|Any CPU.ActiveCfg = Debug|Any CPU
		{592050B7-1218-47A5-B671-438CB235A739}.Debug|Any CPU.Build.0 = Debug|Any CPU
		{592050B7-1218-47A5-B671-438CB235A739}.Debug|Any CPU.Deploy.0 = Debug|Any CPU
		{592050B7-1218-47A5-B671-438CB235A739}.Debug|ARM.ActiveCfg = Debug|Any CPU
		{592050B7-1218-47A5-B671-438CB235A739}.Debug|ARM.Build.0 = Debug|Any CPU
		{592050B7-1218-47A5-B671-438CB235A739}.Debug|ARM.Deploy.0 = Debug|Any CPU
		{592050B7-1218-47A5-B671-438CB235A739}.Debug|iPhone.ActiveCfg = Debug|Any CPU
		{592050B7-1218-47A5-B671-438CB235A739}.Debug|iPhone.Build.0 = Debug|Any CPU
		{592050B7-1218-47A5-B671-438CB235A739}.Debug|iPhone.Deploy.0 = Debug|Any CPU
		{592050B7-1218-47A5-B671-438CB235A739}.Debug|iPhoneSimulator.ActiveCfg = Debug|Any CPU
		{592050B7-1218-47A5-B671-438CB235A739}.Debug|iPhoneSimulator.Build.0 = Debug|Any CPU
		{592050B7-1218-47A5-B671-438CB235A739}.Debug|iPhoneSimulator.Deploy.0 = Debug|Any CPU
		{592050B7-1218-47A5-B671-438CB235A739}.Debug|x64.ActiveCfg = Debug|Any CPU
		{592050B7-1218-47A5-B671-438CB235A739}.Debug|x64.Build.0 = Debug|Any CPU
		{592050B7-1218-47A5-B671-438CB235A739}.Debug|x64.Deploy.0 = Debug|Any CPU
		{592050B7-1218-47A5-B671-438CB235A739}.Debug|x86.ActiveCfg = Debug|Any CPU
		{592050B7-1218-47A5-B671-438CB235A739}.Debug|x86.Build.0 = Debug|Any CPU
		{592050B7-1218-47A5-B671-438CB235A739}.Debug|x86.Deploy.0 = Debug|Any CPU
		{592050B7-1218-47A5-B671-438CB235A739}.Release|Any CPU.ActiveCfg = Release|Any CPU
		{592050B7-1218-47A5-B671-438CB235A739}.Release|Any CPU.Build.0 = Release|Any CPU
		{592050B7-1218-47A5-B671-438CB235A739}.Release|Any CPU.Deploy.0 = Release|Any CPU
		{592050B7-1218-47A5-B671-438CB235A739}.Release|ARM.ActiveCfg = Release|Any CPU
		{592050B7-1218-47A5-B671-438CB235A739}.Release|ARM.Build.0 = Release|Any CPU
		{592050B7-1218-47A5-B671-438CB235A739}.Release|ARM.Deploy.0 = Release|Any CPU
		{592050B7-1218-47A5-B671-438CB235A739}.Release|iPhone.ActiveCfg = Release|Any CPU
		{592050B7-1218-47A5-B671-438CB235A739}.Release|iPhone.Build.0 = Release|Any CPU
		{592050B7-1218-47A5-B671-438CB235A739}.Release|iPhone.Deploy.0 = Release|Any CPU
		{592050B7-1218-47A5-B671-438CB235A739}.Release|iPhoneSimulator.ActiveCfg = Release|Any CPU
		{592050B7-1218-47A5-B671-438CB235A739}.Release|iPhoneSimulator.Build.0 = Release|Any CPU
		{592050B7-1218-47A5-B671-438CB235A739}.Release|iPhoneSimulator.Deploy.0 = Release|Any CPU
		{592050B7-1218-47A5-B671-438CB235A739}.Release|x64.ActiveCfg = Release|Any CPU
		{592050B7-1218-47A5-B671-438CB235A739}.Release|x64.Build.0 = Release|Any CPU
		{592050B7-1218-47A5-B671-438CB235A739}.Release|x64.Deploy.0 = Release|Any CPU
		{592050B7-1218-47A5-B671-438CB235A739}.Release|x86.ActiveCfg = Release|Any CPU
		{592050B7-1218-47A5-B671-438CB235A739}.Release|x86.Build.0 = Release|Any CPU
		{592050B7-1218-47A5-B671-438CB235A739}.Release|x86.Deploy.0 = Release|Any CPU
	EndGlobalSection
	GlobalSection(SolutionProperties) = preSolution
		HideSolutionNode = FALSE
	EndGlobalSection
	GlobalSection(ExtensibilityGlobals) = postSolution
		SolutionGuid = {60AFC461-F84D-4992-9009-A3870C123629}
	EndGlobalSection
EndGlobal
